// !$*UTF8*$!
{
	archiveVersion = 1;
	classes = {
	};
	objectVersion = 77;
	objects = {

/* Begin PBXBuildFile section */
		1523B06E2F167C8500A76B87 /* DataExporter.swift in Sources */ = {isa = PBXBuildFile; fileRef = 1523B06D2F167C8000A76B87 /* DataExporter.swift */; };
		155E6CB62F0F362F00698DE1 /* WidgetKit.framework in Frameworks */ = {isa = PBXBuildFile; fileRef = 155E6CB52F0F362F00698DE1 /* WidgetKit.framework */; };
		155E6CB82F0F362F00698DE1 /* SwiftUI.framework in Frameworks */ = {isa = PBXBuildFile; fileRef = 155E6CB72F0F362F00698DE1 /* SwiftUI.framework */; };
		155E6CC92F0F363100698DE1 /* DoggoWidgetExtension.appex in Embed Foundation Extensions */ = {isa = PBXBuildFile; fileRef = 155E6CB32F0F362F00698DE1 /* DoggoWidgetExtension.appex */; settings = {ATTRIBUTES = (RemoveHeadersOnCopy, ); }; };
		155E6CD02F0F376900698DE1 /* DoggoActivityAttributes.swift in Sources */ = {isa = PBXBuildFile; fileRef = 155E6CCF2F0F375B00698DE1 /* DoggoActivityAttributes.swift */; };
		155E6CD12F0F377200698DE1 /* DoggoActivityAttributes.swift in Sources */ = {isa = PBXBuildFile; fileRef = 155E6CCF2F0F375B00698DE1 /* DoggoActivityAttributes.swift */; };
		15E5BFAB2F0C2980006A00E4 /* DoggoApp.swift in Sources */ = {isa = PBXBuildFile; fileRef = 15E5BFA92F0C2980006A00E4 /* DoggoApp.swift */; };
		15E5BFAC2F0C2980006A00E4 /* ContentView.swift in Sources */ = {isa = PBXBuildFile; fileRef = 15E5BFA82F0C2980006A00E4 /* ContentView.swift */; };
		15E5BFCE2F0C2990006A00E4 /* ExerciseListView.swift in Sources */ = {isa = PBXBuildFile; fileRef = 15E5BFC02F0C2990006A00E4 /* ExerciseListView.swift */; };
		15E5BFCF2F0C2990006A00E4 /* RestTimerView.swift in Sources */ = {isa = PBXBuildFile; fileRef = 15E5BFB62F0C2990006A00E4 /* RestTimerView.swift */; };
		15E5BFD02F0C2990006A00E4 /* ExerciseCreationView.swift in Sources */ = {isa = PBXBuildFile; fileRef = 15E5BFBF2F0C2990006A00E4 /* ExerciseCreationView.swift */; };
		15E5BFD12F0C2990006A00E4 /* DashboardViewModel.swift in Sources */ = {isa = PBXBuildFile; fileRef = 15E5BFBD2F0C2990006A00E4 /* DashboardViewModel.swift */; };
		15E5BFD22F0C2990006A00E4 /* WorkoutSet.swift in Sources */ = {isa = PBXBuildFile; fileRef = 15E5BFB32F0C2990006A00E4 /* WorkoutSet.swift */; };
		15E5BFD32F0C2990006A00E4 /* Exercise.swift in Sources */ = {isa = PBXBuildFile; fileRef = 15E5BFB02F0C2990006A00E4 /* Exercise.swift */; };
		15E5BFD42F0C2990006A00E4 /* SetRowView.swift in Sources */ = {isa = PBXBuildFile; fileRef = 15E5BFB72F0C2990006A00E4 /* SetRowView.swift */; };
		15E5BFD52F0C2990006A00E4 /* EmptyStateView.swift in Sources */ = {isa = PBXBuildFile; fileRef = 15E5BFC82F0C2990006A00E4 /* EmptyStateView.swift */; };
		15E5BFD62F0C2990006A00E4 /* Date+Extensions.swift in Sources */ = {isa = PBXBuildFile; fileRef = 15E5BFAE2F0C2990006A00E4 /* Date+Extensions.swift */; };
		15E5BFD72F0C2990006A00E4 /* HistoryView.swift in Sources */ = {isa = PBXBuildFile; fileRef = 15E5BFC22F0C2990006A00E4 /* HistoryView.swift */; };
		15E5BFD82F0C2990006A00E4 /* PrimaryButton.swift in Sources */ = {isa = PBXBuildFile; fileRef = 15E5BFC92F0C2990006A00E4 /* PrimaryButton.swift */; };
		15E5BFD92F0C2990006A00E4 /* Routine.swift in Sources */ = {isa = PBXBuildFile; fileRef = 15E5BFB12F0C2990006A00E4 /* Routine.swift */; };
		15E5BFDA2F0C2990006A00E4 /* WorkoutDetailView.swift in Sources */ = {isa = PBXBuildFile; fileRef = 15E5BFC32F0C2990006A00E4 /* WorkoutDetailView.swift */; };
		15E5BFDB2F0C2990006A00E4 /* Color+Theme.swift in Sources */ = {isa = PBXBuildFile; fileRef = 15E5BFAD2F0C2990006A00E4 /* Color+Theme.swift */; };
		15E5BFDC2F0C2990006A00E4 /* WorkoutSession.swift in Sources */ = {isa = PBXBuildFile; fileRef = 15E5BFB22F0C2990006A00E4 /* WorkoutSession.swift */; };
		15E5BFDD2F0C2990006A00E4 /* CardStyle.swift in Sources */ = {isa = PBXBuildFile; fileRef = 15E5BFCB2F0C2990006A00E4 /* CardStyle.swift */; };
		15E5BFDE2F0C2990006A00E4 /* ActiveWorkoutView.swift in Sources */ = {isa = PBXBuildFile; fileRef = 15E5BFB92F0C2990006A00E4 /* ActiveWorkoutView.swift */; };
		15E5BFDF2F0C2990006A00E4 /* ActiveWorkoutViewModel.swift in Sources */ = {isa = PBXBuildFile; fileRef = 15E5BFBA2F0C2990006A00E4 /* ActiveWorkoutViewModel.swift */; };
		15E5BFE02F0C2990006A00E4 /* DashboardView.swift in Sources */ = {isa = PBXBuildFile; fileRef = 15E5BFBC2F0C2990006A00E4 /* DashboardView.swift */; };
		15E5BFF22F0C4A14006A00E4 /* RoutineListView.swift in Sources */ = {isa = PBXBuildFile; fileRef = 15E5BFF12F0C4A04006A00E4 /* RoutineListView.swift */; };
		15E5BFF42F0C4F6B006A00E4 /* RoutineCreationView.swift in Sources */ = {isa = PBXBuildFile; fileRef = 15E5BFF32F0C4A6F006A00E4 /* RoutineCreationView.swift */; };
		15E5BFF62F0C5296006A00E4 /* RoutineItem.swift in Sources */ = {isa = PBXBuildFile; fileRef = 15E5BFF52F0C5293006A00E4 /* RoutineItem.swift */; };
		15E5BFF82F0C54CA006A00E4 /* RoutineSetTemplate.swift in Sources */ = {isa = PBXBuildFile; fileRef = 15E5BFF72F0C54C3006A00E4 /* RoutineSetTemplate.swift */; };
		15E5BFFA2F0C5A0E006A00E4 /* ExerciseDetailView.swift in Sources */ = {isa = PBXBuildFile; fileRef = 15E5BFF92F0C5A07006A00E4 /* ExerciseDetailView.swift */; };
		15E5BFFC2F0C5B27006A00E4 /* CardioSetRowView.swift in Sources */ = {isa = PBXBuildFile; fileRef = 15E5BFFB2F0C5B22006A00E4 /* CardioSetRowView.swift */; };
		15E5BFFE2F0C5C51006A00E4 /* View+Theme.swift in Sources */ = {isa = PBXBuildFile; fileRef = 15E5BFFD2F0C5C4E006A00E4 /* View+Theme.swift */; };
		15E5C03B2F0C6DDC006A00E4 /* Assets.xcassets in Resources */ = {isa = PBXBuildFile; fileRef = 15E5C03A2F0C6DDC006A00E4 /* Assets.xcassets */; };
		15E5C03D2F0D4822006A00E4 /* UnitSystem.swift in Sources */ = {isa = PBXBuildFile; fileRef = 15E5C03C2F0D481E006A00E4 /* UnitSystem.swift */; };
		15E5C0402F0D8D7C006A00E4 /* HapticManager.swift in Sources */ = {isa = PBXBuildFile; fileRef = 15E5C03F2F0D8D76006A00E4 /* HapticManager.swift */; };
		15E5C0422F0D96CA006A00E4 /* DataSeeder.swift in Sources */ = {isa = PBXBuildFile; fileRef = 15E5C0412F0D96C6006A00E4 /* DataSeeder.swift */; };
/* End PBXBuildFile section */

/* Begin PBXContainerItemProxy section */
		155E6CC72F0F363100698DE1 /* PBXContainerItemProxy */ = {
			isa = PBXContainerItemProxy;
			containerPortal = 1597D0642F0C0C6200F76CD0 /* Project object */;
			proxyType = 1;
			remoteGlobalIDString = 155E6CB22F0F362F00698DE1;
			remoteInfo = DoggoWidgetExtension;
		};
		1597D07C2F0C0C6400F76CD0 /* PBXContainerItemProxy */ = {
			isa = PBXContainerItemProxy;
			containerPortal = 1597D0642F0C0C6200F76CD0 /* Project object */;
			proxyType = 1;
			remoteGlobalIDString = 1597D06B2F0C0C6200F76CD0;
			remoteInfo = Doggo;
		};
		1597D0862F0C0C6400F76CD0 /* PBXContainerItemProxy */ = {
			isa = PBXContainerItemProxy;
			containerPortal = 1597D0642F0C0C6200F76CD0 /* Project object */;
			proxyType = 1;
			remoteGlobalIDString = 1597D06B2F0C0C6200F76CD0;
			remoteInfo = Doggo;
		};
/* End PBXContainerItemProxy section */

/* Begin PBXCopyFilesBuildPhase section */
		155E6CCA2F0F363100698DE1 /* Embed Foundation Extensions */ = {
			isa = PBXCopyFilesBuildPhase;
			buildActionMask = 2147483647;
			dstPath = "";
			dstSubfolderSpec = 13;
			files = (
				155E6CC92F0F363100698DE1 /* DoggoWidgetExtension.appex in Embed Foundation Extensions */,
			);
			name = "Embed Foundation Extensions";
			runOnlyForDeploymentPostprocessing = 0;
		};
/* End PBXCopyFilesBuildPhase section */

/* Begin PBXFileReference section */
		1523B06D2F167C8000A76B87 /* DataExporter.swift */ = {isa = PBXFileReference; lastKnownFileType = sourcecode.swift; path = DataExporter.swift; sourceTree = "<group>"; };
		155E6CB32F0F362F00698DE1 /* DoggoWidgetExtension.appex */ = {isa = PBXFileReference; explicitFileType = "wrapper.app-extension"; includeInIndex = 0; path = DoggoWidgetExtension.appex; sourceTree = BUILT_PRODUCTS_DIR; };
		155E6CB52F0F362F00698DE1 /* WidgetKit.framework */ = {isa = PBXFileReference; lastKnownFileType = wrapper.framework; name = WidgetKit.framework; path = System/Library/Frameworks/WidgetKit.framework; sourceTree = SDKROOT; };
		155E6CB72F0F362F00698DE1 /* SwiftUI.framework */ = {isa = PBXFileReference; lastKnownFileType = wrapper.framework; name = SwiftUI.framework; path = System/Library/Frameworks/SwiftUI.framework; sourceTree = SDKROOT; };
		155E6CCF2F0F375B00698DE1 /* DoggoActivityAttributes.swift */ = {isa = PBXFileReference; lastKnownFileType = sourcecode.swift; path = DoggoActivityAttributes.swift; sourceTree = "<group>"; };
		1597D06C2F0C0C6200F76CD0 /* Doggo.app */ = {isa = PBXFileReference; explicitFileType = wrapper.application; includeInIndex = 0; path = Doggo.app; sourceTree = BUILT_PRODUCTS_DIR; };
		1597D07B2F0C0C6400F76CD0 /* DoggoTests.xctest */ = {isa = PBXFileReference; explicitFileType = wrapper.cfbundle; includeInIndex = 0; path = DoggoTests.xctest; sourceTree = BUILT_PRODUCTS_DIR; };
		1597D0852F0C0C6400F76CD0 /* DoggoUITests.xctest */ = {isa = PBXFileReference; explicitFileType = wrapper.cfbundle; includeInIndex = 0; path = DoggoUITests.xctest; sourceTree = BUILT_PRODUCTS_DIR; };
		15E5BFA82F0C2980006A00E4 /* ContentView.swift */ = {isa = PBXFileReference; lastKnownFileType = sourcecode.swift; path = ContentView.swift; sourceTree = "<group>"; };
		15E5BFA92F0C2980006A00E4 /* DoggoApp.swift */ = {isa = PBXFileReference; lastKnownFileType = sourcecode.swift; path = DoggoApp.swift; sourceTree = "<group>"; };
		15E5BFAD2F0C2990006A00E4 /* Color+Theme.swift */ = {isa = PBXFileReference; lastKnownFileType = sourcecode.swift; path = "Color+Theme.swift"; sourceTree = "<group>"; };
		15E5BFAE2F0C2990006A00E4 /* Date+Extensions.swift */ = {isa = PBXFileReference; lastKnownFileType = sourcecode.swift; path = "Date+Extensions.swift"; sourceTree = "<group>"; };
		15E5BFB02F0C2990006A00E4 /* Exercise.swift */ = {isa = PBXFileReference; lastKnownFileType = sourcecode.swift; path = Exercise.swift; sourceTree = "<group>"; };
		15E5BFB12F0C2990006A00E4 /* Routine.swift */ = {isa = PBXFileReference; lastKnownFileType = sourcecode.swift; path = Routine.swift; sourceTree = "<group>"; };
		15E5BFB22F0C2990006A00E4 /* WorkoutSession.swift */ = {isa = PBXFileReference; lastKnownFileType = sourcecode.swift; path = WorkoutSession.swift; sourceTree = "<group>"; };
		15E5BFB32F0C2990006A00E4 /* WorkoutSet.swift */ = {isa = PBXFileReference; lastKnownFileType = sourcecode.swift; path = WorkoutSet.swift; sourceTree = "<group>"; };
		15E5BFB62F0C2990006A00E4 /* RestTimerView.swift */ = {isa = PBXFileReference; lastKnownFileType = sourcecode.swift; path = RestTimerView.swift; sourceTree = "<group>"; };
		15E5BFB72F0C2990006A00E4 /* SetRowView.swift */ = {isa = PBXFileReference; lastKnownFileType = sourcecode.swift; path = SetRowView.swift; sourceTree = "<group>"; };
		15E5BFB92F0C2990006A00E4 /* ActiveWorkoutView.swift */ = {isa = PBXFileReference; lastKnownFileType = sourcecode.swift; path = ActiveWorkoutView.swift; sourceTree = "<group>"; };
		15E5BFBA2F0C2990006A00E4 /* ActiveWorkoutViewModel.swift */ = {isa = PBXFileReference; lastKnownFileType = sourcecode.swift; path = ActiveWorkoutViewModel.swift; sourceTree = "<group>"; };
		15E5BFBC2F0C2990006A00E4 /* DashboardView.swift */ = {isa = PBXFileReference; lastKnownFileType = sourcecode.swift; path = DashboardView.swift; sourceTree = "<group>"; };
		15E5BFBD2F0C2990006A00E4 /* DashboardViewModel.swift */ = {isa = PBXFileReference; lastKnownFileType = sourcecode.swift; path = DashboardViewModel.swift; sourceTree = "<group>"; };
		15E5BFBF2F0C2990006A00E4 /* ExerciseCreationView.swift */ = {isa = PBXFileReference; lastKnownFileType = sourcecode.swift; path = ExerciseCreationView.swift; sourceTree = "<group>"; };
		15E5BFC02F0C2990006A00E4 /* ExerciseListView.swift */ = {isa = PBXFileReference; lastKnownFileType = sourcecode.swift; path = ExerciseListView.swift; sourceTree = "<group>"; };
		15E5BFC22F0C2990006A00E4 /* HistoryView.swift */ = {isa = PBXFileReference; lastKnownFileType = sourcecode.swift; path = HistoryView.swift; sourceTree = "<group>"; };
		15E5BFC32F0C2990006A00E4 /* WorkoutDetailView.swift */ = {isa = PBXFileReference; lastKnownFileType = sourcecode.swift; path = WorkoutDetailView.swift; sourceTree = "<group>"; };
		15E5BFC82F0C2990006A00E4 /* EmptyStateView.swift */ = {isa = PBXFileReference; lastKnownFileType = sourcecode.swift; path = EmptyStateView.swift; sourceTree = "<group>"; };
		15E5BFC92F0C2990006A00E4 /* PrimaryButton.swift */ = {isa = PBXFileReference; lastKnownFileType = sourcecode.swift; path = PrimaryButton.swift; sourceTree = "<group>"; };
		15E5BFCB2F0C2990006A00E4 /* CardStyle.swift */ = {isa = PBXFileReference; lastKnownFileType = sourcecode.swift; path = CardStyle.swift; sourceTree = "<group>"; };
		15E5BFF12F0C4A04006A00E4 /* RoutineListView.swift */ = {isa = PBXFileReference; lastKnownFileType = sourcecode.swift; path = RoutineListView.swift; sourceTree = "<group>"; };
		15E5BFF32F0C4A6F006A00E4 /* RoutineCreationView.swift */ = {isa = PBXFileReference; lastKnownFileType = sourcecode.swift; path = RoutineCreationView.swift; sourceTree = "<group>"; };
		15E5BFF52F0C5293006A00E4 /* RoutineItem.swift */ = {isa = PBXFileReference; lastKnownFileType = sourcecode.swift; path = RoutineItem.swift; sourceTree = "<group>"; };
		15E5BFF72F0C54C3006A00E4 /* RoutineSetTemplate.swift */ = {isa = PBXFileReference; lastKnownFileType = sourcecode.swift; path = RoutineSetTemplate.swift; sourceTree = "<group>"; };
		15E5BFF92F0C5A07006A00E4 /* ExerciseDetailView.swift */ = {isa = PBXFileReference; lastKnownFileType = sourcecode.swift; path = ExerciseDetailView.swift; sourceTree = "<group>"; };
		15E5BFFB2F0C5B22006A00E4 /* CardioSetRowView.swift */ = {isa = PBXFileReference; lastKnownFileType = sourcecode.swift; path = CardioSetRowView.swift; sourceTree = "<group>"; };
		15E5BFFD2F0C5C4E006A00E4 /* View+Theme.swift */ = {isa = PBXFileReference; lastKnownFileType = sourcecode.swift; path = "View+Theme.swift"; sourceTree = "<group>"; };
		15E5C03A2F0C6DDC006A00E4 /* Assets.xcassets */ = {isa = PBXFileReference; lastKnownFileType = folder.assetcatalog; path = Assets.xcassets; sourceTree = "<group>"; };
		15E5C03C2F0D481E006A00E4 /* UnitSystem.swift */ = {isa = PBXFileReference; lastKnownFileType = sourcecode.swift; path = UnitSystem.swift; sourceTree = "<group>"; };
		15E5C03F2F0D8D76006A00E4 /* HapticManager.swift */ = {isa = PBXFileReference; lastKnownFileType = sourcecode.swift; path = HapticManager.swift; sourceTree = "<group>"; };
		15E5C0412F0D96C6006A00E4 /* DataSeeder.swift */ = {isa = PBXFileReference; lastKnownFileType = sourcecode.swift; path = DataSeeder.swift; sourceTree = "<group>"; };
/* End PBXFileReference section */

/* Begin PBXFileSystemSynchronizedBuildFileExceptionSet section */
		155E6CCD2F0F363100698DE1 /* Exceptions for "DoggoWidget" folder in "DoggoWidgetExtension" target */ = {
			isa = PBXFileSystemSynchronizedBuildFileExceptionSet;
			membershipExceptions = (
				Info.plist,
			);
			target = 155E6CB22F0F362F00698DE1 /* DoggoWidgetExtension */;
		};
/* End PBXFileSystemSynchronizedBuildFileExceptionSet section */

/* Begin PBXFileSystemSynchronizedRootGroup section */
		155E6CB92F0F362F00698DE1 /* DoggoWidget */ = {
			isa = PBXFileSystemSynchronizedRootGroup;
			exceptions = (
				155E6CCD2F0F363100698DE1 /* Exceptions for "DoggoWidget" folder in "DoggoWidgetExtension" target */,
			);
			path = DoggoWidget;
			sourceTree = "<group>";
		};
/* End PBXFileSystemSynchronizedRootGroup section */

/* Begin PBXFrameworksBuildPhase section */
		155E6CB02F0F362F00698DE1 /* Frameworks */ = {
			isa = PBXFrameworksBuildPhase;
			buildActionMask = 2147483647;
			files = (
				155E6CB82F0F362F00698DE1 /* SwiftUI.framework in Frameworks */,
				155E6CB62F0F362F00698DE1 /* WidgetKit.framework in Frameworks */,
			);
			runOnlyForDeploymentPostprocessing = 0;
		};
		1597D0692F0C0C6200F76CD0 /* Frameworks */ = {
			isa = PBXFrameworksBuildPhase;
			buildActionMask = 2147483647;
			files = (
			);
			runOnlyForDeploymentPostprocessing = 0;
		};
		1597D0782F0C0C6400F76CD0 /* Frameworks */ = {
			isa = PBXFrameworksBuildPhase;
			buildActionMask = 2147483647;
			files = (
			);
			runOnlyForDeploymentPostprocessing = 0;
		};
		1597D0822F0C0C6400F76CD0 /* Frameworks */ = {
			isa = PBXFrameworksBuildPhase;
			buildActionMask = 2147483647;
			files = (
			);
			runOnlyForDeploymentPostprocessing = 0;
		};
/* End PBXFrameworksBuildPhase section */

/* Begin PBXGroup section */
		155E6CB42F0F362F00698DE1 /* Frameworks */ = {
			isa = PBXGroup;
			children = (
				155E6CB52F0F362F00698DE1 /* WidgetKit.framework */,
				155E6CB72F0F362F00698DE1 /* SwiftUI.framework */,
			);
			name = Frameworks;
			sourceTree = "<group>";
		};
		1597D0632F0C0C6200F76CD0 = {
			isa = PBXGroup;
			children = (
				15E5BFB52F0C2990006A00E4 /* Core */,
				15E5BFC52F0C2990006A00E4 /* Features */,
				15E5BFC72F0C2990006A00E4 /* Resources */,
				15E5BFCD2F0C2990006A00E4 /* Shared */,
				15E5BFAA2F0C2980006A00E4 /* App */,
				155E6CB92F0F362F00698DE1 /* DoggoWidget */,
				155E6CB42F0F362F00698DE1 /* Frameworks */,
				1597D06D2F0C0C6200F76CD0 /* Products */,
			);
			sourceTree = "<group>";
		};
		1597D06D2F0C0C6200F76CD0 /* Products */ = {
			isa = PBXGroup;
			children = (
				1597D06C2F0C0C6200F76CD0 /* Doggo.app */,
				1597D07B2F0C0C6400F76CD0 /* DoggoTests.xctest */,
				1597D0852F0C0C6400F76CD0 /* DoggoUITests.xctest */,
				155E6CB32F0F362F00698DE1 /* DoggoWidgetExtension.appex */,
			);
			name = Products;
			sourceTree = "<group>";
		};
		15E5BFAA2F0C2980006A00E4 /* App */ = {
			isa = PBXGroup;
			children = (
				15E5BFA82F0C2980006A00E4 /* ContentView.swift */,
				15E5BFA92F0C2980006A00E4 /* DoggoApp.swift */,
			);
			path = App;
			sourceTree = "<group>";
		};
		15E5BFAF2F0C2990006A00E4 /* Extensions */ = {
			isa = PBXGroup;
			children = (
				15E5BFFD2F0C5C4E006A00E4 /* View+Theme.swift */,
				15E5BFAD2F0C2990006A00E4 /* Color+Theme.swift */,
				15E5BFAE2F0C2990006A00E4 /* Date+Extensions.swift */,
			);
			path = Extensions;
			sourceTree = "<group>";
		};
		15E5BFB42F0C2990006A00E4 /* Models */ = {
			isa = PBXGroup;
			children = (
				155E6CCF2F0F375B00698DE1 /* DoggoActivityAttributes.swift */,
				15E5C03C2F0D481E006A00E4 /* UnitSystem.swift */,
				15E5BFF72F0C54C3006A00E4 /* RoutineSetTemplate.swift */,
				15E5BFF52F0C5293006A00E4 /* RoutineItem.swift */,
				15E5BFB02F0C2990006A00E4 /* Exercise.swift */,
				15E5BFB12F0C2990006A00E4 /* Routine.swift */,
				15E5BFB22F0C2990006A00E4 /* WorkoutSession.swift */,
				15E5BFB32F0C2990006A00E4 /* WorkoutSet.swift */,
			);
			path = Models;
			sourceTree = "<group>";
		};
		15E5BFB52F0C2990006A00E4 /* Core */ = {
			isa = PBXGroup;
			children = (
				15E5C03E2F0D8D6E006A00E4 /* Utilities */,
				15E5BFAF2F0C2990006A00E4 /* Extensions */,
				15E5BFB42F0C2990006A00E4 /* Models */,
			);
			path = Core;
			sourceTree = "<group>";
		};
		15E5BFB82F0C2990006A00E4 /* Components */ = {
			isa = PBXGroup;
			children = (
				15E5BFB62F0C2990006A00E4 /* RestTimerView.swift */,
				15E5BFB72F0C2990006A00E4 /* SetRowView.swift */,
			);
			path = Components;
			sourceTree = "<group>";
		};
		15E5BFBB2F0C2990006A00E4 /* ActiveWorkout */ = {
			isa = PBXGroup;
			children = (
				15E5BFB82F0C2990006A00E4 /* Components */,
				15E5BFB92F0C2990006A00E4 /* ActiveWorkoutView.swift */,
				15E5BFBA2F0C2990006A00E4 /* ActiveWorkoutViewModel.swift */,
			);
			path = ActiveWorkout;
			sourceTree = "<group>";
		};
		15E5BFBE2F0C2990006A00E4 /* Dashboard */ = {
			isa = PBXGroup;
			children = (
				15E5BFBC2F0C2990006A00E4 /* DashboardView.swift */,
				15E5BFBD2F0C2990006A00E4 /* DashboardViewModel.swift */,
			);
			path = Dashboard;
			sourceTree = "<group>";
		};
		15E5BFC12F0C2990006A00E4 /* ExerciseList */ = {
			isa = PBXGroup;
			children = (
				15E5BFBF2F0C2990006A00E4 /* ExerciseCreationView.swift */,
				15E5BFC02F0C2990006A00E4 /* ExerciseListView.swift */,
			);
			path = ExerciseList;
			sourceTree = "<group>";
		};
		15E5BFC42F0C2990006A00E4 /* History */ = {
			isa = PBXGroup;
			children = (
				15E5BFC22F0C2990006A00E4 /* HistoryView.swift */,
				15E5BFC32F0C2990006A00E4 /* WorkoutDetailView.swift */,
			);
			path = History;
			sourceTree = "<group>";
		};
		15E5BFC52F0C2990006A00E4 /* Features */ = {
			isa = PBXGroup;
			children = (
				15E5BFF02F0C49F2006A00E4 /* Lift */,
				15E5BFBB2F0C2990006A00E4 /* ActiveWorkout */,
				15E5BFBE2F0C2990006A00E4 /* Dashboard */,
				15E5BFC12F0C2990006A00E4 /* ExerciseList */,
				15E5BFC42F0C2990006A00E4 /* History */,
			);
			path = Features;
			sourceTree = "<group>";
		};
		15E5BFC72F0C2990006A00E4 /* Resources */ = {
			isa = PBXGroup;
			children = (
				15E5C03A2F0C6DDC006A00E4 /* Assets.xcassets */,
			);
			path = Resources;
			sourceTree = "<group>";
		};
		15E5BFCA2F0C2990006A00E4 /* Components */ = {
			isa = PBXGroup;
			children = (
				15E5BFC82F0C2990006A00E4 /* EmptyStateView.swift */,
				15E5BFC92F0C2990006A00E4 /* PrimaryButton.swift */,
			);
			path = Components;
			sourceTree = "<group>";
		};
		15E5BFCC2F0C2990006A00E4 /* Modifiers */ = {
			isa = PBXGroup;
			children = (
				15E5BFCB2F0C2990006A00E4 /* CardStyle.swift */,
			);
			path = Modifiers;
			sourceTree = "<group>";
		};
		15E5BFCD2F0C2990006A00E4 /* Shared */ = {
			isa = PBXGroup;
			children = (
				15E5BFCA2F0C2990006A00E4 /* Components */,
				15E5BFCC2F0C2990006A00E4 /* Modifiers */,
			);
			path = Shared;
			sourceTree = "<group>";
		};
		15E5BFF02F0C49F2006A00E4 /* Lift */ = {
			isa = PBXGroup;
			children = (
				15E5BFFB2F0C5B22006A00E4 /* CardioSetRowView.swift */,
				15E5BFF92F0C5A07006A00E4 /* ExerciseDetailView.swift */,
				15E5BFF32F0C4A6F006A00E4 /* RoutineCreationView.swift */,
				15E5BFF12F0C4A04006A00E4 /* RoutineListView.swift */,
			);
			path = Lift;
			sourceTree = "<group>";
		};
		15E5C03E2F0D8D6E006A00E4 /* Utilities */ = {
			isa = PBXGroup;
			children = (
				1523B06D2F167C8000A76B87 /* DataExporter.swift */,
				15E5C0412F0D96C6006A00E4 /* DataSeeder.swift */,
				15E5C03F2F0D8D76006A00E4 /* HapticManager.swift */,
			);
			path = Utilities;
			sourceTree = "<group>";
		};
/* End PBXGroup section */

/* Begin PBXNativeTarget section */
		155E6CB22F0F362F00698DE1 /* DoggoWidgetExtension */ = {
			isa = PBXNativeTarget;
			buildConfigurationList = 155E6CCE2F0F363100698DE1 /* Build configuration list for PBXNativeTarget "DoggoWidgetExtension" */;
			buildPhases = (
				155E6CAF2F0F362F00698DE1 /* Sources */,
				155E6CB02F0F362F00698DE1 /* Frameworks */,
				155E6CB12F0F362F00698DE1 /* Resources */,
			);
			buildRules = (
			);
			dependencies = (
			);
			fileSystemSynchronizedGroups = (
				155E6CB92F0F362F00698DE1 /* DoggoWidget */,
			);
			name = DoggoWidgetExtension;
			packageProductDependencies = (
			);
			productName = DoggoWidgetExtension;
			productReference = 155E6CB32F0F362F00698DE1 /* DoggoWidgetExtension.appex */;
			productType = "com.apple.product-type.app-extension";
		};
		1597D06B2F0C0C6200F76CD0 /* Doggo */ = {
			isa = PBXNativeTarget;
			buildConfigurationList = 1597D08F2F0C0C6400F76CD0 /* Build configuration list for PBXNativeTarget "Doggo" */;
			buildPhases = (
				1597D0682F0C0C6200F76CD0 /* Sources */,
				1597D0692F0C0C6200F76CD0 /* Frameworks */,
				1597D06A2F0C0C6200F76CD0 /* Resources */,
				155E6CCA2F0F363100698DE1 /* Embed Foundation Extensions */,
			);
			buildRules = (
			);
			dependencies = (
				155E6CC82F0F363100698DE1 /* PBXTargetDependency */,
			);
			name = Doggo;
			packageProductDependencies = (
			);
			productName = Doggo;
			productReference = 1597D06C2F0C0C6200F76CD0 /* Doggo.app */;
			productType = "com.apple.product-type.application";
		};
		1597D07A2F0C0C6400F76CD0 /* DoggoTests */ = {
			isa = PBXNativeTarget;
			buildConfigurationList = 1597D0922F0C0C6400F76CD0 /* Build configuration list for PBXNativeTarget "DoggoTests" */;
			buildPhases = (
				1597D0772F0C0C6400F76CD0 /* Sources */,
				1597D0782F0C0C6400F76CD0 /* Frameworks */,
				1597D0792F0C0C6400F76CD0 /* Resources */,
			);
			buildRules = (
			);
			dependencies = (
				1597D07D2F0C0C6400F76CD0 /* PBXTargetDependency */,
			);
			name = DoggoTests;
			packageProductDependencies = (
			);
			productName = DoggoTests;
			productReference = 1597D07B2F0C0C6400F76CD0 /* DoggoTests.xctest */;
			productType = "com.apple.product-type.bundle.unit-test";
		};
		1597D0842F0C0C6400F76CD0 /* DoggoUITests */ = {
			isa = PBXNativeTarget;
			buildConfigurationList = 1597D0952F0C0C6400F76CD0 /* Build configuration list for PBXNativeTarget "DoggoUITests" */;
			buildPhases = (
				1597D0812F0C0C6400F76CD0 /* Sources */,
				1597D0822F0C0C6400F76CD0 /* Frameworks */,
				1597D0832F0C0C6400F76CD0 /* Resources */,
			);
			buildRules = (
			);
			dependencies = (
				1597D0872F0C0C6400F76CD0 /* PBXTargetDependency */,
			);
			name = DoggoUITests;
			packageProductDependencies = (
			);
			productName = DoggoUITests;
			productReference = 1597D0852F0C0C6400F76CD0 /* DoggoUITests.xctest */;
			productType = "com.apple.product-type.bundle.ui-testing";
		};
/* End PBXNativeTarget section */

/* Begin PBXProject section */
		1597D0642F0C0C6200F76CD0 /* Project object */ = {
			isa = PBXProject;
			attributes = {
				BuildIndependentTargetsInParallel = 1;
				LastSwiftUpdateCheck = 2620;
				LastUpgradeCheck = 2620;
				TargetAttributes = {
					155E6CB22F0F362F00698DE1 = {
						CreatedOnToolsVersion = 26.2;
					};
					1597D06B2F0C0C6200F76CD0 = {
						CreatedOnToolsVersion = 26.2;
					};
					1597D07A2F0C0C6400F76CD0 = {
						CreatedOnToolsVersion = 26.2;
						TestTargetID = 1597D06B2F0C0C6200F76CD0;
					};
					1597D0842F0C0C6400F76CD0 = {
						CreatedOnToolsVersion = 26.2;
						TestTargetID = 1597D06B2F0C0C6200F76CD0;
					};
				};
			};
			buildConfigurationList = 1597D0672F0C0C6200F76CD0 /* Build configuration list for PBXProject "Doggo" */;
			developmentRegion = en;
			hasScannedForEncodings = 0;
			knownRegions = (
				en,
				Base,
			);
			mainGroup = 1597D0632F0C0C6200F76CD0;
			minimizedProjectReferenceProxies = 1;
			preferredProjectObjectVersion = 77;
			productRefGroup = 1597D06D2F0C0C6200F76CD0 /* Products */;
			projectDirPath = "";
			projectRoot = "";
			targets = (
				1597D06B2F0C0C6200F76CD0 /* Doggo */,
				1597D07A2F0C0C6400F76CD0 /* DoggoTests */,
				1597D0842F0C0C6400F76CD0 /* DoggoUITests */,
				155E6CB22F0F362F00698DE1 /* DoggoWidgetExtension */,
			);
		};
/* End PBXProject section */

/* Begin PBXResourcesBuildPhase section */
		155E6CB12F0F362F00698DE1 /* Resources */ = {
			isa = PBXResourcesBuildPhase;
			buildActionMask = 2147483647;
			files = (
			);
			runOnlyForDeploymentPostprocessing = 0;
		};
		1597D06A2F0C0C6200F76CD0 /* Resources */ = {
			isa = PBXResourcesBuildPhase;
			buildActionMask = 2147483647;
			files = (
				15E5C03B2F0C6DDC006A00E4 /* Assets.xcassets in Resources */,
			);
			runOnlyForDeploymentPostprocessing = 0;
		};
		1597D0792F0C0C6400F76CD0 /* Resources */ = {
			isa = PBXResourcesBuildPhase;
			buildActionMask = 2147483647;
			files = (
			);
			runOnlyForDeploymentPostprocessing = 0;
		};
		1597D0832F0C0C6400F76CD0 /* Resources */ = {
			isa = PBXResourcesBuildPhase;
			buildActionMask = 2147483647;
			files = (
			);
			runOnlyForDeploymentPostprocessing = 0;
		};
/* End PBXResourcesBuildPhase section */

/* Begin PBXSourcesBuildPhase section */
		155E6CAF2F0F362F00698DE1 /* Sources */ = {
			isa = PBXSourcesBuildPhase;
			buildActionMask = 2147483647;
			files = (
				155E6CD12F0F377200698DE1 /* DoggoActivityAttributes.swift in Sources */,
			);
			runOnlyForDeploymentPostprocessing = 0;
		};
		1597D0682F0C0C6200F76CD0 /* Sources */ = {
			isa = PBXSourcesBuildPhase;
			buildActionMask = 2147483647;
			files = (
				15E5BFFE2F0C5C51006A00E4 /* View+Theme.swift in Sources */,
				15E5BFAB2F0C2980006A00E4 /* DoggoApp.swift in Sources */,
				15E5BFF62F0C5296006A00E4 /* RoutineItem.swift in Sources */,
				15E5BFCE2F0C2990006A00E4 /* ExerciseListView.swift in Sources */,
				15E5BFFA2F0C5A0E006A00E4 /* ExerciseDetailView.swift in Sources */,
				15E5BFF82F0C54CA006A00E4 /* RoutineSetTemplate.swift in Sources */,
				15E5C0422F0D96CA006A00E4 /* DataSeeder.swift in Sources */,
				15E5BFCF2F0C2990006A00E4 /* RestTimerView.swift in Sources */,
				15E5BFD02F0C2990006A00E4 /* ExerciseCreationView.swift in Sources */,
				15E5BFD12F0C2990006A00E4 /* DashboardViewModel.swift in Sources */,
				15E5BFD22F0C2990006A00E4 /* WorkoutSet.swift in Sources */,
				15E5BFD32F0C2990006A00E4 /* Exercise.swift in Sources */,
				15E5BFD42F0C2990006A00E4 /* SetRowView.swift in Sources */,
				15E5BFD52F0C2990006A00E4 /* EmptyStateView.swift in Sources */,
				15E5BFD62F0C2990006A00E4 /* Date+Extensions.swift in Sources */,
				15E5BFFC2F0C5B27006A00E4 /* CardioSetRowView.swift in Sources */,
				15E5BFD72F0C2990006A00E4 /* HistoryView.swift in Sources */,
				15E5C0402F0D8D7C006A00E4 /* HapticManager.swift in Sources */,
				15E5BFD82F0C2990006A00E4 /* PrimaryButton.swift in Sources */,
				15E5C03D2F0D4822006A00E4 /* UnitSystem.swift in Sources */,
				15E5BFD92F0C2990006A00E4 /* Routine.swift in Sources */,
				15E5BFF42F0C4F6B006A00E4 /* RoutineCreationView.swift in Sources */,
				15E5BFF22F0C4A14006A00E4 /* RoutineListView.swift in Sources */,
				15E5BFDA2F0C2990006A00E4 /* WorkoutDetailView.swift in Sources */,
				15E5BFDB2F0C2990006A00E4 /* Color+Theme.swift in Sources */,
				15E5BFDC2F0C2990006A00E4 /* WorkoutSession.swift in Sources */,
				1523B06E2F167C8500A76B87 /* DataExporter.swift in Sources */,
				15E5BFDD2F0C2990006A00E4 /* CardStyle.swift in Sources */,
				15E5BFDE2F0C2990006A00E4 /* ActiveWorkoutView.swift in Sources */,
				155E6CD02F0F376900698DE1 /* DoggoActivityAttributes.swift in Sources */,
				15E5BFDF2F0C2990006A00E4 /* ActiveWorkoutViewModel.swift in Sources */,
				15E5BFE02F0C2990006A00E4 /* DashboardView.swift in Sources */,
				15E5BFAC2F0C2980006A00E4 /* ContentView.swift in Sources */,
			);
			runOnlyForDeploymentPostprocessing = 0;
		};
		1597D0772F0C0C6400F76CD0 /* Sources */ = {
			isa = PBXSourcesBuildPhase;
			buildActionMask = 2147483647;
			files = (
			);
			runOnlyForDeploymentPostprocessing = 0;
		};
		1597D0812F0C0C6400F76CD0 /* Sources */ = {
			isa = PBXSourcesBuildPhase;
			buildActionMask = 2147483647;
			files = (
			);
			runOnlyForDeploymentPostprocessing = 0;
		};
/* End PBXSourcesBuildPhase section */

/* Begin PBXTargetDependency section */
		155E6CC82F0F363100698DE1 /* PBXTargetDependency */ = {
			isa = PBXTargetDependency;
			target = 155E6CB22F0F362F00698DE1 /* DoggoWidgetExtension */;
			targetProxy = 155E6CC72F0F363100698DE1 /* PBXContainerItemProxy */;
		};
		1597D07D2F0C0C6400F76CD0 /* PBXTargetDependency */ = {
			isa = PBXTargetDependency;
			target = 1597D06B2F0C0C6200F76CD0 /* Doggo */;
			targetProxy = 1597D07C2F0C0C6400F76CD0 /* PBXContainerItemProxy */;
		};
		1597D0872F0C0C6400F76CD0 /* PBXTargetDependency */ = {
			isa = PBXTargetDependency;
			target = 1597D06B2F0C0C6200F76CD0 /* Doggo */;
			targetProxy = 1597D0862F0C0C6400F76CD0 /* PBXContainerItemProxy */;
		};
/* End PBXTargetDependency section */

/* Begin XCBuildConfiguration section */
		155E6CCB2F0F363100698DE1 /* Debug */ = {
			isa = XCBuildConfiguration;
			buildSettings = {
				ASSETCATALOG_COMPILER_GLOBAL_ACCENT_COLOR_NAME = AccentColor;
				ASSETCATALOG_COMPILER_WIDGET_BACKGROUND_COLOR_NAME = WidgetBackground;
				CODE_SIGN_STYLE = Automatic;
				CURRENT_PROJECT_VERSION = 1;
				DEVELOPMENT_TEAM = 825JPA884M;
				GENERATE_INFOPLIST_FILE = YES;
				INFOPLIST_FILE = DoggoWidget/Info.plist;
				INFOPLIST_KEY_CFBundleDisplayName = DoggoWidget;
				INFOPLIST_KEY_NSHumanReadableCopyright = "";
				LD_RUNPATH_SEARCH_PATHS = (
					"$(inherited)",
					"@executable_path/Frameworks",
					"@executable_path/../../Frameworks",
				);
				MARKETING_VERSION = 1.0;
				PRODUCT_BUNDLE_IDENTIFIER = com.guavi.Doggo.DoggoWidget;
				PRODUCT_NAME = "$(TARGET_NAME)";
				SKIP_INSTALL = YES;
				STRING_CATALOG_GENERATE_SYMBOLS = YES;
				SWIFT_APPROACHABLE_CONCURRENCY = YES;
				SWIFT_EMIT_LOC_STRINGS = YES;
				SWIFT_UPCOMING_FEATURE_MEMBER_IMPORT_VISIBILITY = YES;
				SWIFT_VERSION = 5.0;
				TARGETED_DEVICE_FAMILY = "1,2";
			};
			name = Debug;
		};
		155E6CCC2F0F363100698DE1 /* Release */ = {
			isa = XCBuildConfiguration;
			buildSettings = {
				ASSETCATALOG_COMPILER_GLOBAL_ACCENT_COLOR_NAME = AccentColor;
				ASSETCATALOG_COMPILER_WIDGET_BACKGROUND_COLOR_NAME = WidgetBackground;
				CODE_SIGN_STYLE = Automatic;
				CURRENT_PROJECT_VERSION = 1;
				DEVELOPMENT_TEAM = 825JPA884M;
				GENERATE_INFOPLIST_FILE = YES;
				INFOPLIST_FILE = DoggoWidget/Info.plist;
				INFOPLIST_KEY_CFBundleDisplayName = DoggoWidget;
				INFOPLIST_KEY_NSHumanReadableCopyright = "";
				LD_RUNPATH_SEARCH_PATHS = (
					"$(inherited)",
					"@executable_path/Frameworks",
					"@executable_path/../../Frameworks",
				);
				MARKETING_VERSION = 1.0;
				PRODUCT_BUNDLE_IDENTIFIER = com.guavi.Doggo.DoggoWidget;
				PRODUCT_NAME = "$(TARGET_NAME)";
				SKIP_INSTALL = YES;
				STRING_CATALOG_GENERATE_SYMBOLS = YES;
				SWIFT_APPROACHABLE_CONCURRENCY = YES;
				SWIFT_EMIT_LOC_STRINGS = YES;
				SWIFT_UPCOMING_FEATURE_MEMBER_IMPORT_VISIBILITY = YES;
				SWIFT_VERSION = 5.0;
				TARGETED_DEVICE_FAMILY = "1,2";
			};
			name = Release;
		};
		1597D08D2F0C0C6400F76CD0 /* Debug */ = {
			isa = XCBuildConfiguration;
			buildSettings = {
				ALWAYS_SEARCH_USER_PATHS = NO;
				ASSETCATALOG_COMPILER_GENERATE_SWIFT_ASSET_SYMBOL_EXTENSIONS = YES;
				CLANG_ANALYZER_NONNULL = YES;
				CLANG_ANALYZER_NUMBER_OBJECT_CONVERSION = YES_AGGRESSIVE;
				CLANG_CXX_LANGUAGE_STANDARD = "gnu++20";
				CLANG_ENABLE_MODULES = YES;
				CLANG_ENABLE_OBJC_ARC = YES;
				CLANG_ENABLE_OBJC_WEAK = YES;
				CLANG_WARN_BLOCK_CAPTURE_AUTORELEASING = YES;
				CLANG_WARN_BOOL_CONVERSION = YES;
				CLANG_WARN_COMMA = YES;
				CLANG_WARN_CONSTANT_CONVERSION = YES;
				CLANG_WARN_DEPRECATED_OBJC_IMPLEMENTATIONS = YES;
				CLANG_WARN_DIRECT_OBJC_ISA_USAGE = YES_ERROR;
				CLANG_WARN_DOCUMENTATION_COMMENTS = YES;
				CLANG_WARN_EMPTY_BODY = YES;
				CLANG_WARN_ENUM_CONVERSION = YES;
				CLANG_WARN_INFINITE_RECURSION = YES;
				CLANG_WARN_INT_CONVERSION = YES;
				CLANG_WARN_NON_LITERAL_NULL_CONVERSION = YES;
				CLANG_WARN_OBJC_IMPLICIT_RETAIN_SELF = YES;
				CLANG_WARN_OBJC_LITERAL_CONVERSION = YES;
				CLANG_WARN_OBJC_ROOT_CLASS = YES_ERROR;
				CLANG_WARN_QUOTED_INCLUDE_IN_FRAMEWORK_HEADER = YES;
				CLANG_WARN_RANGE_LOOP_ANALYSIS = YES;
				CLANG_WARN_STRICT_PROTOTYPES = YES;
				CLANG_WARN_SUSPICIOUS_MOVE = YES;
				CLANG_WARN_UNGUARDED_AVAILABILITY = YES_AGGRESSIVE;
				CLANG_WARN_UNREACHABLE_CODE = YES;
				CLANG_WARN__DUPLICATE_METHOD_MATCH = YES;
				COPY_PHASE_STRIP = NO;
				DEBUG_INFORMATION_FORMAT = dwarf;
				DEVELOPMENT_TEAM = 825JPA884M;
				ENABLE_STRICT_OBJC_MSGSEND = YES;
				ENABLE_TESTABILITY = YES;
				ENABLE_USER_SCRIPT_SANDBOXING = YES;
				GCC_C_LANGUAGE_STANDARD = gnu17;
				GCC_DYNAMIC_NO_PIC = NO;
				GCC_NO_COMMON_BLOCKS = YES;
				GCC_OPTIMIZATION_LEVEL = 0;
				GCC_PREPROCESSOR_DEFINITIONS = (
					"DEBUG=1",
					"$(inherited)",
				);
				GCC_WARN_64_TO_32_BIT_CONVERSION = YES;
				GCC_WARN_ABOUT_RETURN_TYPE = YES_ERROR;
				GCC_WARN_UNDECLARED_SELECTOR = YES;
				GCC_WARN_UNINITIALIZED_AUTOS = YES_AGGRESSIVE;
				GCC_WARN_UNUSED_FUNCTION = YES;
				GCC_WARN_UNUSED_VARIABLE = YES;
				IPHONEOS_DEPLOYMENT_TARGET = 26.2;
				LOCALIZATION_PREFERS_STRING_CATALOGS = YES;
				MACH_O_TYPE = mh_execute;
				MTL_ENABLE_DEBUG_INFO = INCLUDE_SOURCE;
				MTL_FAST_MATH = YES;
				ONLY_ACTIVE_ARCH = YES;
				SDKROOT = iphoneos;
				SWIFT_ACTIVE_COMPILATION_CONDITIONS = "DEBUG $(inherited)";
				SWIFT_OPTIMIZATION_LEVEL = "-Onone";
			};
			name = Debug;
		};
		1597D08E2F0C0C6400F76CD0 /* Release */ = {
			isa = XCBuildConfiguration;
			buildSettings = {
				ALWAYS_SEARCH_USER_PATHS = NO;
				ASSETCATALOG_COMPILER_GENERATE_SWIFT_ASSET_SYMBOL_EXTENSIONS = YES;
				CLANG_ANALYZER_NONNULL = YES;
				CLANG_ANALYZER_NUMBER_OBJECT_CONVERSION = YES_AGGRESSIVE;
				CLANG_CXX_LANGUAGE_STANDARD = "gnu++20";
				CLANG_ENABLE_MODULES = YES;
				CLANG_ENABLE_OBJC_ARC = YES;
				CLANG_ENABLE_OBJC_WEAK = YES;
				CLANG_WARN_BLOCK_CAPTURE_AUTORELEASING = YES;
				CLANG_WARN_BOOL_CONVERSION = YES;
				CLANG_WARN_COMMA = YES;
				CLANG_WARN_CONSTANT_CONVERSION = YES;
				CLANG_WARN_DEPRECATED_OBJC_IMPLEMENTATIONS = YES;
				CLANG_WARN_DIRECT_OBJC_ISA_USAGE = YES_ERROR;
				CLANG_WARN_DOCUMENTATION_COMMENTS = YES;
				CLANG_WARN_EMPTY_BODY = YES;
				CLANG_WARN_ENUM_CONVERSION = YES;
				CLANG_WARN_INFINITE_RECURSION = YES;
				CLANG_WARN_INT_CONVERSION = YES;
				CLANG_WARN_NON_LITERAL_NULL_CONVERSION = YES;
				CLANG_WARN_OBJC_IMPLICIT_RETAIN_SELF = YES;
				CLANG_WARN_OBJC_LITERAL_CONVERSION = YES;
				CLANG_WARN_OBJC_ROOT_CLASS = YES_ERROR;
				CLANG_WARN_QUOTED_INCLUDE_IN_FRAMEWORK_HEADER = YES;
				CLANG_WARN_RANGE_LOOP_ANALYSIS = YES;
				CLANG_WARN_STRICT_PROTOTYPES = YES;
				CLANG_WARN_SUSPICIOUS_MOVE = YES;
				CLANG_WARN_UNGUARDED_AVAILABILITY = YES_AGGRESSIVE;
				CLANG_WARN_UNREACHABLE_CODE = YES;
				CLANG_WARN__DUPLICATE_METHOD_MATCH = YES;
				COPY_PHASE_STRIP = NO;
				DEBUG_INFORMATION_FORMAT = "dwarf-with-dsym";
				DEVELOPMENT_TEAM = 825JPA884M;
				ENABLE_NS_ASSERTIONS = NO;
				ENABLE_STRICT_OBJC_MSGSEND = YES;
				ENABLE_USER_SCRIPT_SANDBOXING = YES;
				GCC_C_LANGUAGE_STANDARD = gnu17;
				GCC_NO_COMMON_BLOCKS = YES;
				GCC_WARN_64_TO_32_BIT_CONVERSION = YES;
				GCC_WARN_ABOUT_RETURN_TYPE = YES_ERROR;
				GCC_WARN_UNDECLARED_SELECTOR = YES;
				GCC_WARN_UNINITIALIZED_AUTOS = YES_AGGRESSIVE;
				GCC_WARN_UNUSED_FUNCTION = YES;
				GCC_WARN_UNUSED_VARIABLE = YES;
				IPHONEOS_DEPLOYMENT_TARGET = 26.2;
				LOCALIZATION_PREFERS_STRING_CATALOGS = YES;
				MACH_O_TYPE = mh_execute;
				MTL_ENABLE_DEBUG_INFO = NO;
				MTL_FAST_MATH = YES;
				SDKROOT = iphoneos;
				SWIFT_COMPILATION_MODE = wholemodule;
				VALIDATE_PRODUCT = YES;
			};
			name = Release;
		};
		1597D0902F0C0C6400F76CD0 /* Debug */ = {
			isa = XCBuildConfiguration;
			buildSettings = {
				ASSETCATALOG_COMPILER_APPICON_NAME = AppIcon;
				ASSETCATALOG_COMPILER_GLOBAL_ACCENT_COLOR_NAME = AccentColor;
				ASSETCATALOG_COMPILER_INCLUDE_ALL_APPICON_ASSETS = NO;
				CODE_SIGN_STYLE = Automatic;
				CURRENT_PROJECT_VERSION = 1;
				DEVELOPMENT_TEAM = 825JPA884M;
				ENABLE_PREVIEWS = YES;
				GENERATE_INFOPLIST_FILE = YES;
				INFOPLIST_KEY_NSSupportsLiveActivities = YES;
				INFOPLIST_KEY_UIApplicationSceneManifest_Generation = YES;
				INFOPLIST_KEY_UIApplicationSupportsIndirectInputEvents = YES;
				INFOPLIST_KEY_UILaunchScreen_Generation = YES;
				INFOPLIST_KEY_UISupportedInterfaceOrientations_iPad = "UIInterfaceOrientationPortrait UIInterfaceOrientationPortraitUpsideDown UIInterfaceOrientationLandscapeLeft UIInterfaceOrientationLandscapeRight";
				INFOPLIST_KEY_UISupportedInterfaceOrientations_iPhone = "UIInterfaceOrientationPortrait UIInterfaceOrientationLandscapeLeft UIInterfaceOrientationLandscapeRight";
				LD_RUNPATH_SEARCH_PATHS = (
					"$(inherited)",
					"@executable_path/Frameworks",
				);
				MARKETING_VERSION = 1.0;
				PRODUCT_BUNDLE_IDENTIFIER = com.guavi.Doggo;
				PRODUCT_NAME = "$(TARGET_NAME)";
				STRING_CATALOG_GENERATE_SYMBOLS = YES;
				SWIFT_APPROACHABLE_CONCURRENCY = YES;
				SWIFT_DEFAULT_ACTOR_ISOLATION = MainActor;
				SWIFT_EMIT_LOC_STRINGS = YES;
				SWIFT_UPCOMING_FEATURE_MEMBER_IMPORT_VISIBILITY = YES;
				SWIFT_VERSION = 5.0;
				TARGETED_DEVICE_FAMILY = "1,2";
			};
			name = Debug;
		};
		1597D0912F0C0C6400F76CD0 /* Release */ = {
			isa = XCBuildConfiguration;
			buildSettings = {
				ASSETCATALOG_COMPILER_APPICON_NAME = AppIcon;
				ASSETCATALOG_COMPILER_GLOBAL_ACCENT_COLOR_NAME = AccentColor;
				ASSETCATALOG_COMPILER_INCLUDE_ALL_APPICON_ASSETS = NO;
				CODE_SIGN_STYLE = Automatic;
				CURRENT_PROJECT_VERSION = 1;
				DEVELOPMENT_TEAM = 825JPA884M;
				ENABLE_PREVIEWS = YES;
				GENERATE_INFOPLIST_FILE = YES;
				INFOPLIST_KEY_NSSupportsLiveActivities = YES;
				INFOPLIST_KEY_UIApplicationSceneManifest_Generation = YES;
				INFOPLIST_KEY_UIApplicationSupportsIndirectInputEvents = YES;
				INFOPLIST_KEY_UILaunchScreen_Generation = YES;
				INFOPLIST_KEY_UISupportedInterfaceOrientations_iPad = "UIInterfaceOrientationPortrait UIInterfaceOrientationPortraitUpsideDown UIInterfaceOrientationLandscapeLeft UIInterfaceOrientationLandscapeRight";
				INFOPLIST_KEY_UISupportedInterfaceOrientations_iPhone = "UIInterfaceOrientationPortrait UIInterfaceOrientationLandscapeLeft UIInterfaceOrientationLandscapeRight";
				LD_RUNPATH_SEARCH_PATHS = (
					"$(inherited)",
					"@executable_path/Frameworks",
				);
				MARKETING_VERSION = 1.0;
				PRODUCT_BUNDLE_IDENTIFIER = com.guavi.Doggo;
				PRODUCT_NAME = "$(TARGET_NAME)";
				STRING_CATALOG_GENERATE_SYMBOLS = YES;
				SWIFT_APPROACHABLE_CONCURRENCY = YES;
				SWIFT_DEFAULT_ACTOR_ISOLATION = MainActor;
				SWIFT_EMIT_LOC_STRINGS = YES;
				SWIFT_UPCOMING_FEATURE_MEMBER_IMPORT_VISIBILITY = YES;
				SWIFT_VERSION = 5.0;
				TARGETED_DEVICE_FAMILY = "1,2";
			};
			name = Release;
		};
		1597D0932F0C0C6400F76CD0 /* Debug */ = {
			isa = XCBuildConfiguration;
			buildSettings = {
				BUNDLE_LOADER = "$(TEST_HOST)";
				CODE_SIGN_STYLE = Automatic;
				CURRENT_PROJECT_VERSION = 1;
				DEVELOPMENT_TEAM = 825JPA884M;
				GENERATE_INFOPLIST_FILE = YES;
				IPHONEOS_DEPLOYMENT_TARGET = 26.2;
				MARKETING_VERSION = 1.0;
				PRODUCT_BUNDLE_IDENTIFIER = com.guavi.DoggoTests;
				PRODUCT_NAME = "$(TARGET_NAME)";
				STRING_CATALOG_GENERATE_SYMBOLS = NO;
				SWIFT_APPROACHABLE_CONCURRENCY = YES;
				SWIFT_EMIT_LOC_STRINGS = NO;
				SWIFT_UPCOMING_FEATURE_MEMBER_IMPORT_VISIBILITY = YES;
				SWIFT_VERSION = 5.0;
				TARGETED_DEVICE_FAMILY = "1,2";
				TEST_HOST = "$(BUILT_PRODUCTS_DIR)/Doggo.app/$(BUNDLE_EXECUTABLE_FOLDER_PATH)/Doggo";
			};
			name = Debug;
		};
		1597D0942F0C0C6400F76CD0 /* Release */ = {
			isa = XCBuildConfiguration;
			buildSettings = {
				BUNDLE_LOADER = "$(TEST_HOST)";
				CODE_SIGN_STYLE = Automatic;
				CURRENT_PROJECT_VERSION = 1;
				DEVELOPMENT_TEAM = 825JPA884M;
				GENERATE_INFOPLIST_FILE = YES;
				IPHONEOS_DEPLOYMENT_TARGET = 26.2;
				MARKETING_VERSION = 1.0;
				PRODUCT_BUNDLE_IDENTIFIER = com.guavi.DoggoTests;
				PRODUCT_NAME = "$(TARGET_NAME)";
				STRING_CATALOG_GENERATE_SYMBOLS = NO;
				SWIFT_APPROACHABLE_CONCURRENCY = YES;
				SWIFT_EMIT_LOC_STRINGS = NO;
				SWIFT_UPCOMING_FEATURE_MEMBER_IMPORT_VISIBILITY = YES;
				SWIFT_VERSION = 5.0;
				TARGETED_DEVICE_FAMILY = "1,2";
				TEST_HOST = "$(BUILT_PRODUCTS_DIR)/Doggo.app/$(BUNDLE_EXECUTABLE_FOLDER_PATH)/Doggo";
			};
			name = Release;
		};
		1597D0962F0C0C6400F76CD0 /* Debug */ = {
			isa = XCBuildConfiguration;
			buildSettings = {
				CODE_SIGN_STYLE = Automatic;
				CURRENT_PROJECT_VERSION = 1;
				DEVELOPMENT_TEAM = 825JPA884M;
				GENERATE_INFOPLIST_FILE = YES;
				MARKETING_VERSION = 1.0;
				PRODUCT_BUNDLE_IDENTIFIER = com.guavi.DoggoUITests;
				PRODUCT_NAME = "$(TARGET_NAME)";
				STRING_CATALOG_GENERATE_SYMBOLS = NO;
				SWIFT_APPROACHABLE_CONCURRENCY = YES;
				SWIFT_EMIT_LOC_STRINGS = NO;
				SWIFT_UPCOMING_FEATURE_MEMBER_IMPORT_VISIBILITY = YES;
				SWIFT_VERSION = 5.0;
				TARGETED_DEVICE_FAMILY = "1,2";
				TEST_TARGET_NAME = Doggo;
			};
			name = Debug;
		};
		1597D0972F0C0C6400F76CD0 /* Release */ = {
			isa = XCBuildConfiguration;
			buildSettings = {
				CODE_SIGN_STYLE = Automatic;
				CURRENT_PROJECT_VERSION = 1;
				DEVELOPMENT_TEAM = 825JPA884M;
				GENERATE_INFOPLIST_FILE = YES;
				MARKETING_VERSION = 1.0;
				PRODUCT_BUNDLE_IDENTIFIER = com.guavi.DoggoUITests;
				PRODUCT_NAME = "$(TARGET_NAME)";
				STRING_CATALOG_GENERATE_SYMBOLS = NO;
				SWIFT_APPROACHABLE_CONCURRENCY = YES;
				SWIFT_EMIT_LOC_STRINGS = NO;
				SWIFT_UPCOMING_FEATURE_MEMBER_IMPORT_VISIBILITY = YES;
				SWIFT_VERSION = 5.0;
				TARGETED_DEVICE_FAMILY = "1,2";
				TEST_TARGET_NAME = Doggo;
			};
			name = Release;
		};
/* End XCBuildConfiguration section */

/* Begin XCConfigurationList section */
		155E6CCE2F0F363100698DE1 /* Build configuration list for PBXNativeTarget "DoggoWidgetExtension" */ = {
			isa = XCConfigurationList;
			buildConfigurations = (
				155E6CCB2F0F363100698DE1 /* Debug */,
				155E6CCC2F0F363100698DE1 /* Release */,
			);
			defaultConfigurationIsVisible = 0;
			defaultConfigurationName = Release;
		};
		1597D0672F0C0C6200F76CD0 /* Build configuration list for PBXProject "Doggo" */ = {
			isa = XCConfigurationList;
			buildConfigurations = (
				1597D08D2F0C0C6400F76CD0 /* Debug */,
				1597D08E2F0C0C6400F76CD0 /* Release */,
			);
			defaultConfigurationIsVisible = 0;
			defaultConfigurationName = Release;
		};
		1597D08F2F0C0C6400F76CD0 /* Build configuration list for PBXNativeTarget "Doggo" */ = {
			isa = XCConfigurationList;
			buildConfigurations = (
				1597D0902F0C0C6400F76CD0 /* Debug */,
				1597D0912F0C0C6400F76CD0 /* Release */,
			);
			defaultConfigurationIsVisible = 0;
			defaultConfigurationName = Release;
		};
		1597D0922F0C0C6400F76CD0 /* Build configuration list for PBXNativeTarget "DoggoTests" */ = {
			isa = XCConfigurationList;
			buildConfigurations = (
				1597D0932F0C0C6400F76CD0 /* Debug */,
				1597D0942F0C0C6400F76CD0 /* Release */,
			);
			defaultConfigurationIsVisible = 0;
			defaultConfigurationName = Release;
		};
		1597D0952F0C0C6400F76CD0 /* Build configuration list for PBXNativeTarget "DoggoUITests" */ = {
			isa = XCConfigurationList;
			buildConfigurations = (
				1597D0962F0C0C6400F76CD0 /* Debug */,
				1597D0972F0C0C6400F76CD0 /* Release */,
			);
			defaultConfigurationIsVisible = 0;
			defaultConfigurationName = Release;
		};
/* End XCConfigurationList section */
	};
	rootObject = 1597D0642F0C0C6200F76CD0 /* Project object */;
}
